{
  "nodes": {
    "crane": {
      "locked": {
        "lastModified": 1784248371,
        "narHash": "sha256-0l0Y4D4wbZhp1Oi6h8OpbLtIm/4FN88oCf54MK2ZgiM=",
        "ref": "master",
        "rev": "f7d151ec0bf52cf9662e2f59d7bea28588c2f070",
        "shallow": true,
        "type": "git",
        "url": "https://github.com/ipetkov/crane.git"
      },
      "original": {
        "ref": "master",
        "shallow": true,
        "type": "git",
        "url": "https://github.com/ipetkov/crane.git"
      }
    },
    "fenix": {
      "inputs": {
        "nixpkgs": [
          "wrix",
          "nixpkgs"
        ],
        "rust-analyzer-src": "rust-analyzer-src"
      },
      "locked": {
        "lastModified": 1784190100,
        "narHash": "sha256-cE4wAMa3MDhnx+mH5Y72tM/VTSh5cS5S2q0w56XurJU=",
        "ref": "main",
        "rev": "010b0647f8ebce9cd9e185773a7f9e422af1154a",
        "shallow": true,
        "type": "git",
        "url": "https://github.com/nix-community/fenix.git"
      },
      "original": {
        "ref": "main",
        "shallow": true,
        "type": "git",
        "url": "https://github.com/nix-community/fenix.git"
      }
    },
    "flake-parts": {
      "inputs": {
        "nixpkgs-lib": [
          "nixpkgs"
        ]
      },
      "locked": {
        "lastModified": 1782949081,
        "narHash": "sha256-vp6Y/Grm98ESt6ceOkWiHWyZRDV3J1RID4w+6NWK9yA=",
        "ref": "main",
        "rev": "17c9d6cdfc60c64f4ee8d306f9bc0b4ccb51481e",
        "shallow": true,
        "type": "git",
        "url": "https://github.com/hercules-ci/flake-parts.git"
      },
      "original": {
        "ref": "main",
        "shallow": true,
        "type": "git",
        "url": "https://github.com/hercules-ci/flake-parts.git"
      }
    },
    "nixpkgs": {
      "locked": {
        "lastModified": 1784497964,
        "narHash": "sha256-vlHUuqAcbcH2RKmHbPiuQzbv1pnzzavXnI62RD0bqCU=",
        "ref": "nixos-unstable",
        "rev": "241313f4e8e508cb9b13278c2b0fa25b9ca27163",
        "shallow": true,
        "type": "git",
        "url": "https://github.com/NixOS/nixpkgs.git"
      },
      "original": {
        "ref": "nixos-unstable",
        "shallow": true,
        "type": "git",
        "url": "https://github.com/NixOS/nixpkgs.git"
      }
    },
    "root": {
      "inputs": {
        "crane": [
          "wrix",
          "crane"
        ],
        "fenix": [
          "wrix",
          "fenix"
        ],
        "flake-parts": "flake-parts",
        "nixpkgs": "nixpkgs",
        "treefmt-nix": "treefmt-nix",
        "wrix": "wrix"
      }
    },
    "rust-analyzer-src": {
      "flake": false,
      "locked": {
        "lastModified": 1784155628,
        "narHash": "sha256-yLgQQpQJpNkqoNvYc93pr7HjpW2uOP6Y1sm/vQakEc4=",
        "owner": "rust-lang",
        "repo": "rust-analyzer",
        "rev": "7a5ecc88dbdfa13bac99fa4e0f38adcfdca1bb0a",
        "type": "github"
      },
      "original": {
        "owner": "rust-lang",
        "ref": "nightly",
        "repo": "rust-analyzer",
        "type": "github"
      }
    },
    "treefmt-nix": {
      "inputs": {
        "nixpkgs": [
          "nixpkgs"
        ]
      },
      "locked": {
        "lastModified": 1784369104,
        "narHash": "sha256-47cxbcZODibHv3rELFQ9vZly0vUNkND/atn/U7HLeb0=",
        "ref": "main",
        "rev": "df3c0640565d04a0261253cdd89fce78ec50168a",
        "shallow": true,
        "type": "git",
        "url": "https://github.com/numtide/treefmt-nix.git"
      },
      "original": {
        "ref": "main",
        "shallow": true,
        "type": "git",
        "url": "https://github.com/numtide/treefmt-nix.git"
      }
    },
    "treefmt-nix_2": {
      "inputs": {
        "nixpkgs": [
          "wrix",
          "nixpkgs"
        ]
      },
      "locked": {
        "lastModified": 1780220602,
        "narHash": "sha256-eynAfOmbmxJnkp7YewvCEbShNnnYJ9gLLqkzsYtBPeM=",
        "ref": "main",
        "rev": "db947814a175b7ca6ded66e21383d938df01c227",
        "shallow": true,
        "type": "git",
        "url": "https://github.com/numtide/treefmt-nix.git"
      },
      "original": {
        "ref": "main",
        "shallow": true,
        "type": "git",
        "url": "https://github.com/numtide/treefmt-nix.git"
      }
    },
    "wrix": {
      "inputs": {
        "crane": "crane",
        "fenix": "fenix",
        "flake-parts": [
          "flake-parts"
        ],
        "nixpkgs": [
          "nixpkgs"
        ],
        "treefmt-nix": "treefmt-nix_2"
      },
      "locked": {
        "lastModified": 1784503787,
        "narHash": "sha256-V/ZE9QTGPtlrYMAbJJGXkYd/HD2Sf62Qsfh1dtw2WnE=",
        "ref": "main",
        "rev": "d80cb1aa50ccbc949b165df0deff6e5fa63c5256",
        "shallow": true,
        "type": "git",
        "url": "https://github.com/taheris/wrix.git"
      },
      "original": {
        "ref": "main",
        "shallow": true,
        "type": "git",
        "url": "https://github.com/taheris/wrix.git"
      }
    }
  },
  "root": "root",
  "version": 7
}
